
Microsoft Visual Studio Solution File, Format Version 12.00
# Visual Studio Version 17
VisualStudioVersion = 17.5.001.0
MinimumVisualStudioVersion = 10.0.40219.1
Project("{2150E333-8FDC-42A3-9474-1A3956D46DE8}") = "csharp-prep", "csharp-prep", "{257267B2-6E28-4712-98B4-1FC2DD9FF277}"
EndProject
Project("{9A19103F-16F7-4668-BE54-9A1E7A4F7556}") = "Prep1", "csharp-prep\Prep1\Prep1.csproj", "{20D7D6CE-9A8F-48D7-B5C0-3F4027EDBC63}"
EndProject
Project("{9A19103F-16F7-4668-BE54-9A1E7A4F7556}") = "Prep2", "csharp-prep\Prep2\Prep2.csproj", "{370E5B2D-4BE8-47B4-B9BC-D257A4120462}"
EndProject
Project("{9A19103F-16F7-4668-BE54-9A1E7A4F7556}") = "Prep3", "csharp-prep\Prep3\Prep3.csproj", "{D4F7ADAB-21F2-4161-9936-028BCC2E0BE7}"
EndProject
Project("{9A19103F-16F7-4668-BE54-9A1E7A4F7556}") = "Prep4", "csharp-prep\Prep4\Prep4.csproj", "{A8B4776E-117E-4449-B210-969DC8A6372F}"
EndProject
Project("{9A19103F-16F7-4668-BE54-9A1E7A4F7556}") = "Prep5", "csharp-prep\Prep5\Prep5.csproj", "{841627E4-B67B-4971-BC87-BDC57E9963AA}"
EndProject
Project("{2150E333-8FDC-42A3-9474-1A3956D46DE8}") = "final", "final", "{D69CF954-D2AC-4875-AD2C-86D6C775613F}"
EndProject
Project("{9A19103F-16F7-4668-BE54-9A1E7A4F7556}") = "FinalProject", "final\FinalProject\FinalProject.csproj", "{F905F2A2-1DB5-4867-9C5D-6650C1CE8215}"
EndProject
Project("{9A19103F-16F7-4668-BE54-9A1E7A4F7556}") = "Foundation1", "final\Foundation1\Foundation1.csproj", "{E2311412-0619-493E-BF86-49B01A3DB8DD}"
EndProject
Project("{9A19103F-16F7-4668-BE54-9A1E7A4F7556}") = "Foundation2", "final\Foundation2\Foundation2.csproj", "{ED9524F8-E522-4C61-A2A8-AD17C869EB42}"
EndProject
Project("{9A19103F-16F7-4668-BE54-9A1E7A4F7556}") = "Foundation3", "final\Foundation3\Foundation3.csproj", "{6FDCD73C-6558-488E-BB93-04E5921CAFC1}"
EndProject
Project("{9A19103F-16F7-4668-BE54-9A1E7A4F7556}") = "Foundation4", "final\Foundation4\Foundation4.csproj", "{38C4389D-6998-44A7-A46E-836A8807BF67}"
EndProject
Project("{2150E333-8FDC-42A3-9474-1A3956D46DE8}") = "prepare", "prepare", "{260996EC-4122-4B20-9ABF-C0E64664B7C7}"
EndProject
Project("{9A19103F-16F7-4668-BE54-9A1E7A4F7556}") = "Learning02", "prepare\Learning02\Learning02.csproj", "{9F9006AD-1580-409B-8BEF-37D096E55DE9}"
EndProject
Project("{9A19103F-16F7-4668-BE54-9A1E7A4F7556}") = "Learning03", "prepare\Learning03\Learning03.csproj", "{EF8B793F-F0EF-4A50-BC90-FD8AD7C66F59}"
EndProject
Project("{9A19103F-16F7-4668-BE54-9A1E7A4F7556}") = "Learning04", "prepare\Learning04\Learning04.csproj", "{9F3783B5-A1E5-40C0-AA24-11A353C09274}"
EndProject
Project("{9A19103F-16F7-4668-BE54-9A1E7A4F7556}") = "Learning05", "prepare\Learning05\Learning05.csproj", "{FE8BA6A9-066F-4CA1-A313-0A2406DCB960}"
EndProject
Project("{2150E333-8FDC-42A3-9474-1A3956D46DE8}") = "prove", "prove", "{3AC33BCE-7FFD-4478-81D8-26CE8628F938}"
EndProject
Project("{9A19103F-16F7-4668-BE54-9A1E7A4F7556}") = "Develop02", "prove\Develop02\Develop02.csproj", "{1CD7262F-2B4E-4E92-B104-91128C667BAE}"
EndProject
Project("{9A19103F-16F7-4668-BE54-9A1E7A4F7556}") = "Develop03", "prove\Develop03\Develop03.csproj", "{A69540D3-CDEC-4AE7-8D0A-BCBF5BF892EF}"
EndProject
Project("{9A19103F-16F7-4668-BE54-9A1E7A4F7556}") = "Develop04", "prove\Develop04\Develop04.csproj", "{5914328E-5C7B-4F10-B4F5-D6DC33CD3478}"
EndProject
Project("{9A19103F-16F7-4668-BE54-9A1E7A4F7556}") = "Develop05", "prove\Develop05\Develop05.csproj", "{09F76A26-E53E-4F01-BA29-E8B9661593A6}"
EndProject
Project("{2150E333-8FDC-42A3-9474-1A3956D46DE8}") = "sandbox", "sandbox", "{34D442CE-E44D-4A2B-A9FA-AE83C34675AA}"
EndProject
Project("{9A19103F-16F7-4668-BE54-9A1E7A4F7556}") = "Sandbox", "sandbox\Sandbox\Sandbox.csproj", "{83AD31DC-B77B-44F6-937B-59134C618126}"
EndProject
Global
	GlobalSection(SolutionConfigurationPlatforms) = preSolution
		Debug|Any CPU = Debug|Any CPU
		Release|Any CPU = Release|Any CPU
	EndGlobalSection
	GlobalSection(ProjectConfigurationPlatforms) = postSolution
		{20D7D6CE-9A8F-48D7-B5C0-3F4027EDBC63}.Debug|Any CPU.ActiveCfg = Debug|Any CPU
		{20D7D6CE-9A8F-48D7-B5C0-3F4027EDBC63}.Debug|Any CPU.Build.0 = Debug|Any CPU
		{20D7D6CE-9A8F-48D7-B5C0-3F4027EDBC63}.Release|Any CPU.ActiveCfg = Release|Any CPU
		{20D7D6CE-9A8F-48D7-B5C0-3F4027EDBC63}.Release|Any CPU.Build.0 = Release|Any CPU
		{370E5B2D-4BE8-47B4-B9BC-D257A4120462}.Debug|Any CPU.ActiveCfg = Debug|Any CPU
		{370E5B2D-4BE8-47B4-B9BC-D257A4120462}.Debug|Any CPU.Build.0 = Debug|Any CPU
		{370E5B2D-4BE8-47B4-B9BC-D257A4120462}.Release|Any CPU.ActiveCfg = Release|Any CPU
		{370E5B2D-4BE8-47B4-B9BC-D257A4120462}.Release|Any CPU.Build.0 = Release|Any CPU
		{D4F7ADAB-21F2-4161-9936-028BCC2E0BE7}.Debug|Any CPU.ActiveCfg = Debug|Any CPU
		{D4F7ADAB-21F2-4161-9936-028BCC2E0BE7}.Debug|Any CPU.Build.0 = Debug|Any CPU
		{D4F7ADAB-21F2-4161-9936-028BCC2E0BE7}.Release|Any CPU.ActiveCfg = Release|Any CPU
		{D4F7ADAB-21F2-4161-9936-028BCC2E0BE7}.Release|Any CPU.Build.0 = Release|Any CPU
		{A8B4776E-117E-4449-B210-969DC8A6372F}.Debug|Any CPU.ActiveCfg = Debug|Any CPU
		{A8B4776E-117E-4449-B210-969DC8A6372F}.Debug|Any CPU.Build.0 = Debug|Any CPU
		{A8B4776E-117E-4449-B210-969DC8A6372F}.Release|Any CPU.ActiveCfg = Release|Any CPU
		{A8B4776E-117E-4449-B210-969DC8A6372F}.Release|Any CPU.Build.0 = Release|Any CPU
		{841627E4-B67B-4971-BC87-BDC57E9963AA}.Debug|Any CPU.ActiveCfg = Debug|Any CPU
		{841627E4-B67B-4971-BC87-BDC57E9963AA}.Debug|Any CPU.Build.0 = Debug|Any CPU
		{841627E4-B67B-4971-BC87-BDC57E9963AA}.Release|Any CPU.ActiveCfg = Release|Any CPU
		{841627E4-B67B-4971-BC87-BDC57E9963AA}.Release|Any CPU.Build.0 = Release|Any CPU
		{F905F2A2-1DB5-4867-9C5D-6650C1CE8215}.Debug|Any CPU.ActiveCfg = Debug|Any CPU
		{F905F2A2-1DB5-4867-9C5D-6650C1CE8215}.Debug|Any CPU.Build.0 = Debug|Any CPU
		{F905F2A2-1DB5-4867-9C5D-6650C1CE8215}.Release|Any CPU.ActiveCfg = Release|Any CPU
		{F905F2A2-1DB5-4867-9C5D-6650C1CE8215}.Release|Any CPU.Build.0 = Release|Any CPU
		{E2311412-0619-493E-BF86-49B01A3DB8DD}.Debug|Any CPU.ActiveCfg = Debug|Any CPU
		{E2311412-0619-493E-BF86-49B01A3DB8DD}.Debug|Any CPU.Build.0 = Debug|Any CPU
		{E2311412-0619-493E-BF86-49B01A3DB8DD}.Release|Any CPU.ActiveCfg = Release|Any CPU
		{E2311412-0619-493E-BF86-49B01A3DB8DD}.Release|Any CPU.Build.0 = Release|Any CPU
		{ED9524F8-E522-4C61-A2A8-AD17C869EB42}.Debug|Any CPU.ActiveCfg = Debug|Any CPU
		{ED9524F8-E522-4C61-A2A8-AD17C869EB42}.Debug|Any CPU.Build.0 = Debug|Any CPU
		{ED9524F8-E522-4C61-A2A8-AD17C869EB42}.Release|Any CPU.ActiveCfg = Release|Any CPU
		{ED9524F8-E522-4C61-A2A8-AD17C869EB42}.Release|Any CPU.Build.0 = Release|Any CPU
		{6FDCD73C-6558-488E-BB93-04E5921CAFC1}.Debug|Any CPU.ActiveCfg = Debug|Any CPU
		{6FDCD73C-6558-488E-BB93-04E5921CAFC1}.Debug|Any CPU.Build.0 = Debug|Any CPU
		{6FDCD73C-6558-488E-BB93-04E5921CAFC1}.Release|Any CPU.ActiveCfg = Release|Any CPU
		{6FDCD73C-6558-488E-BB93-04E5921CAFC1}.Release|Any CPU.Build.0 = Release|Any CPU
		{38C4389D-6998-44A7-A46E-836A8807BF67}.Debug|Any CPU.ActiveCfg = Debug|Any CPU
		{38C4389D-6998-44A7-A46E-836A8807BF67}.Debug|Any CPU.Build.0 = Debug|Any CPU
		{38C4389D-6998-44A7-A46E-836A8807BF67}.Release|Any CPU.ActiveCfg = Release|Any CPU
		{38C4389D-6998-44A7-A46E-836A8807BF67}.Release|Any CPU.Build.0 = Release|Any CPU
		{9F9006AD-1580-409B-8BEF-37D096E55DE9}.Debug|Any CPU.ActiveCfg = Debug|Any CPU
		{9F9006AD-1580-409B-8BEF-37D096E55DE9}.Debug|Any CPU.Build.0 = Debug|Any CPU
		{9F9006AD-1580-409B-8BEF-37D096E55DE9}.Release|Any CPU.ActiveCfg = Release|Any CPU
		{9F9006AD-1580-409B-8BEF-37D096E55DE9}.Release|Any CPU.Build.0 = Release|Any CPU
		{EF8B793F-F0EF-4A50-BC90-FD8AD7C66F59}.Debug|Any CPU.ActiveCfg = Debug|Any CPU
		{EF8B793F-F0EF-4A50-BC90-FD8AD7C66F59}.Debug|Any CPU.Build.0 = Debug|Any CPU
		{EF8B793F-F0EF-4A50-BC90-FD8AD7C66F59}.Release|Any CPU.ActiveCfg = Release|Any CPU
		{EF8B793F-F0EF-4A50-BC90-FD8AD7C66F59}.Release|Any CPU.Build.0 = Release|Any CPU
		{9F3783B5-A1E5-40C0-AA24-11A353C09274}.Debug|Any CPU.ActiveCfg = Debug|Any CPU
		{9F3783B5-A1E5-40C0-AA24-11A353C09274}.Debug|Any CPU.Build.0 = Debug|Any CPU
		{9F3783B5-A1E5-40C0-AA24-11A353C09274}.Release|Any CPU.ActiveCfg = Release|Any CPU
		{9F3783B5-A1E5-40C0-AA24-11A353C09274}.Release|Any CPU.Build.0 = Release|Any CPU
		{FE8BA6A9-066F-4CA1-A313-0A2406DCB960}.Debug|Any CPU.ActiveCfg = Debug|Any CPU
		{FE8BA6A9-066F-4CA1-A313-0A2406DCB960}.Debug|Any CPU.Build.0 = Debug|Any CPU
		{FE8BA6A9-066F-4CA1-A313-0A2406DCB960}.Release|Any CPU.ActiveCfg = Release|Any CPU
		{FE8BA6A9-066F-4CA1-A313-0A2406DCB960}.Release|Any CPU.Build.0 = Release|Any CPU
		{1CD7262F-2B4E-4E92-B104-91128C667BAE}.Debug|Any CPU.ActiveCfg = Debug|Any CPU
		{1CD7262F-2B4E-4E92-B104-91128C667BAE}.Debug|Any CPU.Build.0 = Debug|Any CPU
		{1CD7262F-2B4E-4E92-B104-91128C667BAE}.Release|Any CPU.ActiveCfg = Release|Any CPU
		{1CD7262F-2B4E-4E92-B104-91128C667BAE}.Release|Any CPU.Build.0 = Release|Any CPU
		{A69540D3-CDEC-4AE7-8D0A-BCBF5BF892EF}.Debug|Any CPU.ActiveCfg = Debug|Any CPU
		{A69540D3-CDEC-4AE7-8D0A-BCBF5BF892EF}.Debug|Any CPU.Build.0 = Debug|Any CPU
		{A69540D3-CDEC-4AE7-8D0A-BCBF5BF892EF}.Release|Any CPU.ActiveCfg = Release|Any CPU
		{A69540D3-CDEC-4AE7-8D0A-BCBF5BF892EF}.Release|Any CPU.Build.0 = Release|Any CPU
		{5914328E-5C7B-4F10-B4F5-D6DC33CD3478}.Debug|Any CPU.ActiveCfg = Debug|Any CPU
		{5914328E-5C7B-4F10-B4F5-D6DC33CD3478}.Debug|Any CPU.Build.0 = Debug|Any CPU
		{5914328E-5C7B-4F10-B4F5-D6DC33CD3478}.Release|Any CPU.ActiveCfg = Release|Any CPU
		{5914328E-5C7B-4F10-B4F5-D6DC33CD3478}.Release|Any CPU.Build.0 = Release|Any CPU
		{09F76A26-E53E-4F01-BA29-E8B9661593A6}.Debug|Any CPU.ActiveCfg = Debug|Any CPU
		{09F76A26-E53E-4F01-BA29-E8B9661593A6}.Debug|Any CPU.Build.0 = Debug|Any CPU
		{09F76A26-E53E-4F01-BA29-E8B9661593A6}.Release|Any CPU.ActiveCfg = Release|Any CPU
		{09F76A26-E53E-4F01-BA29-E8B9661593A6}.Release|Any CPU.Build.0 = Release|Any CPU
		{83AD31DC-B77B-44F6-937B-59134C618126}.Debug|Any CPU.ActiveCfg = Debug|Any CPU
		{83AD31DC-B77B-44F6-937B-59134C618126}.Debug|Any CPU.Build.0 = Debug|Any CPU
		{83AD31DC-B77B-44F6-937B-59134C618126}.Release|Any CPU.ActiveCfg = Release|Any CPU
		{83AD31DC-B77B-44F6-937B-59134C618126}.Release|Any CPU.Build.0 = Release|Any CPU
	EndGlobalSection
	GlobalSection(SolutionProperties) = preSolution
		HideSolutionNode = FALSE
	EndGlobalSection
	GlobalSection(NestedProjects) = preSolution
		{20D7D6CE-9A8F-48D7-B5C0-3F4027EDBC63} = {257267B2-6E28-4712-98B4-1FC2DD9FF277}
		{370E5B2D-4BE8-47B4-B9BC-D257A4120462} = {257267B2-6E28-4712-98B4-1FC2DD9FF277}
		{D4F7ADAB-21F2-4161-9936-028BCC2E0BE7} = {257267B2-6E28-4712-98B4-1FC2DD9FF277}
		{A8B4776E-117E-4449-B210-969DC8A6372F} = {257267B2-6E28-4712-98B4-1FC2DD9FF277}
		{841627E4-B67B-4971-BC87-BDC57E9963AA} = {257267B2-6E28-4712-98B4-1FC2DD9FF277}
		{F905F2A2-1DB5-4867-9C5D-6650C1CE8215} = {D69CF954-D2AC-4875-AD2C-86D6C775613F}
		{E2311412-0619-493E-BF86-49B01A3DB8DD} = {D69CF954-D2AC-4875-AD2C-86D6C775613F}
		{ED9524F8-E522-4C61-A2A8-AD17C869EB42} = {D69CF954-D2AC-4875-AD2C-86D6C775613F}
		{6FDCD73C-6558-488E-BB93-04E5921CAFC1} = {D69CF954-D2AC-4875-AD2C-86D6C775613F}
		{38C4389D-6998-44A7-A46E-836A8807BF67} = {D69CF954-D2AC-4875-AD2C-86D6C775613F}
		{9F9006AD-1580-409B-8BEF-37D096E55DE9} = {260996EC-4122-4B20-9ABF-C0E64664B7C7}
		{EF8B793F-F0EF-4A50-BC90-FD8AD7C66F59} = {260996EC-4122-4B20-9ABF-C0E64664B7C7}
		{9F3783B5-A1E5-40C0-AA24-11A353C09274} = {260996EC-4122-4B20-9ABF-C0E64664B7C7}
		{FE8BA6A9-066F-4CA1-A313-0A2406DCB960} = {260996EC-4122-4B20-9ABF-C0E64664B7C7}
		{1CD7262F-2B4E-4E92-B104-91128C667BAE} = {3AC33BCE-7FFD-4478-81D8-26CE8628F938}
		{A69540D3-CDEC-4AE7-8D0A-BCBF5BF892EF} = {3AC33BCE-7FFD-4478-81D8-26CE8628F938}
		{5914328E-5C7B-4F10-B4F5-D6DC33CD3478} = {3AC33BCE-7FFD-4478-81D8-26CE8628F938}
		{09F76A26-E53E-4F01-BA29-E8B9661593A6} = {3AC33BCE-7FFD-4478-81D8-26CE8628F938}
		{83AD31DC-B77B-44F6-937B-59134C618126} = {34D442CE-E44D-4A2B-A9FA-AE83C34675AA}
	EndGlobalSection
	GlobalSection(ExtensibilityGlobals) = postSolution
		SolutionGuid = {F7F4410B-DBBF-48AE-8A38-7F09415C849B}
	EndGlobalSection
EndGlobal
